// !$*UTF8*$!
{
	archiveVersion = 1;
	classes = {
	};
	objectVersion = 46;
	objects = {

/* Begin PBXBuildFile section */
		451825941D76D32700552498 /* AppDelegate.swift in Sources */ = {isa = PBXBuildFile; fileRef = 451825931D76D32700552498 /* AppDelegate.swift */; };
		451825971D76D32700552498 /* MasterSwift.xcdatamodeld in Sources */ = {isa = PBXBuildFile; fileRef = 451825951D76D32700552498 /* MasterSwift.xcdatamodeld */; };
		451825991D76D32700552498 /* MasterViewController.swift in Sources */ = {isa = PBXBuildFile; fileRef = 451825981D76D32700552498 /* MasterViewController.swift */; };
		4518259B1D76D32700552498 /* DetailViewController.swift in Sources */ = {isa = PBXBuildFile; fileRef = 4518259A1D76D32700552498 /* DetailViewController.swift */; };
		4518259E1D76D32700552498 /* Main.storyboard in Resources */ = {isa = PBXBuildFile; fileRef = 4518259C1D76D32700552498 /* Main.storyboard */; };
		451825A01D76D32700552498 /* Assets.xcassets in Resources */ = {isa = PBXBuildFile; fileRef = 4518259F1D76D32700552498 /* Assets.xcassets */; };
		451825A31D76D32700552498 /* LaunchScreen.storyboard in Resources */ = {isa = PBXBuildFile; fileRef = 451825A11D76D32700552498 /* LaunchScreen.storyboard */; };
		451825AE1D76D32700552498 /* MasterSwiftTests.swift in Sources */ = {isa = PBXBuildFile; fileRef = 451825AD1D76D32700552498 /* MasterSwiftTests.swift */; };
		451825B91D76D32700552498 /* MasterSwiftUITests.swift in Sources */ = {isa = PBXBuildFile; fileRef = 451825B81D76D32700552498 /* MasterSwiftUITests.swift */; };
/* End PBXBuildFile section */

/* Begin PBXContainerItemProxy section */
		451825AA1D76D32700552498 /* PBXContainerItemProxy */ = {
			isa = PBXContainerItemProxy;
			containerPortal = 451825881D76D32700552498 /* Project object */;
			proxyType = 1;
			remoteGlobalIDString = 4518258F1D76D32700552498;
			remoteInfo = MasterSwift;
		};
		451825B51D76D32700552498 /* PBXContainerItemProxy */ = {
			isa = PBXContainerItemProxy;
			containerPortal = 451825881D76D32700552498 /* Project object */;
			proxyType = 1;
			remoteGlobalIDString = 4518258F1D76D32700552498;
			remoteInfo = MasterSwift;
		};
/* End PBXContainerItemProxy section */

/* Begin PBXFileReference section */
		451825901D76D32700552498 /* MasterSwift.app */ = {isa = PBXFileReference; explicitFileType = wrapper.application; includeInIndex = 0; path = MasterSwift.app; sourceTree = BUILT_PRODUCTS_DIR; };
		451825931D76D32700552498 /* AppDelegate.swift */ = {isa = PBXFileReference; lastKnownFileType = sourcecode.swift; path = AppDelegate.swift; sourceTree = "<group>"; };
		451825961D76D32700552498 /* MasterSwift.xcdatamodel */ = {isa = PBXFileReference; lastKnownFileType = wrapper.xcdatamodel; path = MasterSwift.xcdatamodel; sourceTree = "<group>"; };
		451825981D76D32700552498 /* MasterViewController.swift */ = {isa = PBXFileReference; lastKnownFileType = sourcecode.swift; path = MasterViewController.swift; sourceTree = "<group>"; };
		4518259A1D76D32700552498 /* DetailViewController.swift */ = {isa = PBXFileReference; lastKnownFileType = sourcecode.swift; path = DetailViewController.swift; sourceTree = "<group>"; };
		4518259D1D76D32700552498 /* Base */ = {isa = PBXFileReference; lastKnownFileType = file.storyboard; name = Base; path = Base.lproj/Main.storyboard; sourceTree = "<group>"; };
		4518259F1D76D32700552498 /* Assets.xcassets */ = {isa = PBXFileReference; lastKnownFileType = folder.assetcatalog; path = Assets.xcassets; sourceTree = "<group>"; };
		451825A21D76D32700552498 /* Base */ = {isa = PBXFileReference; lastKnownFileType = file.storyboard; name = Base; path = Base.lproj/LaunchScreen.storyboard; sourceTree = "<group>"; };
		451825A41D76D32700552498 /* Info.plist */ = {isa = PBXFileReference; lastKnownFileType = text.plist.xml; path = Info.plist; sourceTree = "<group>"; };
		451825A91D76D32700552498 /* MasterSwiftTests.xctest */ = {isa = PBXFileReference; explicitFileType = wrapper.cfbundle; includeInIndex = 0; path = MasterSwiftTests.xctest; sourceTree = BUILT_PRODUCTS_DIR; };
		451825AD1D76D32700552498 /* MasterSwiftTests.swift */ = {isa = PBXFileReference; lastKnownFileType = sourcecode.swift; path = MasterSwiftTests.swift; sourceTree = "<group>"; };
		451825AF1D76D32700552498 /* Info.plist */ = {isa = PBXFileReference; lastKnownFileType = text.plist.xml; path = Info.plist; sourceTree = "<group>"; };
		451825B41D76D32700552498 /* MasterSwiftUITests.xctest */ = {isa = PBXFileReference; explicitFileType = wrapper.cfbundle; includeInIndex = 0; path = MasterSwiftUITests.xctest; sourceTree = BUILT_PRODUCTS_DIR; };
		451825B81D76D32700552498 /* MasterSwiftUITests.swift */ = {isa = PBXFileReference; lastKnownFileType = sourcecode.swift; path = MasterSwiftUITests.swift; sourceTree = "<group>"; };
		451825BA1D76D32700552498 /* Info.plist */ = {isa = PBXFileReference; lastKnownFileType = text.plist.xml; path = Info.plist; sourceTree = "<group>"; };
/* End PBXFileReference section */

/* Begin PBXFrameworksBuildPhase section */
		4518258D1D76D32700552498 /* Frameworks */ = {
			isa = PBXFrameworksBuildPhase;
			buildActionMask = 2147483647;
			files = (
			);
			runOnlyForDeploymentPostprocessing = 0;
		};
		451825A61D76D32700552498 /* Frameworks */ = {
			isa = PBXFrameworksBuildPhase;
			buildActionMask = 2147483647;
			files = (
			);
			runOnlyForDeploymentPostprocessing = 0;
		};
		451825B11D76D32700552498 /* Frameworks */ = {
			isa = PBXFrameworksBuildPhase;
			buildActionMask = 2147483647;
			files = (
			);
			runOnlyForDeploymentPostprocessing = 0;
		};
/* End PBXFrameworksBuildPhase section */

/* Begin PBXGroup section */
		451825871D76D32700552498 = {
			isa = PBXGroup;
			children = (
				451825921D76D32700552498 /* MasterSwift */,
				451825AC1D76D32700552498 /* MasterSwiftTests */,
				451825B71D76D32700552498 /* MasterSwiftUITests */,
				451825911D76D32700552498 /* Products */,
			);
			sourceTree = "<group>";
		};
		451825911D76D32700552498 /* Products */ = {
			isa = PBXGroup;
			children = (
				451825901D76D32700552498 /* MasterSwift.app */,
				451825A91D76D32700552498 /* MasterSwiftTests.xctest */,
				451825B41D76D32700552498 /* MasterSwiftUITests.xctest */,
			);
			name = Products;
			sourceTree = "<group>";
		};
		451825921D76D32700552498 /* MasterSwift */ = {
			isa = PBXGroup;
			children = (
				451825931D76D32700552498 /* AppDelegate.swift */,
				451825981D76D32700552498 /* MasterViewController.swift */,
				4518259A1D76D32700552498 /* DetailViewController.swift */,
				4518259C1D76D32700552498 /* Main.storyboard */,
				4518259F1D76D32700552498 /* Assets.xcassets */,
				451825A11D76D32700552498 /* LaunchScreen.storyboard */,
				451825A41D76D32700552498 /* Info.plist */,
				451825951D76D32700552498 /* MasterSwift.xcdatamodeld */,
			);
			path = MasterSwift;
			sourceTree = "<group>";
		};
		451825AC1D76D32700552498 /* MasterSwiftTests */ = {
			isa = PBXGroup;
			children = (
				451825AD1D76D32700552498 /* MasterSwiftTests.swift */,
				451825AF1D76D32700552498 /* Info.plist */,
			);
			path = MasterSwiftTests;
			sourceTree = "<group>";
		};
		451825B71D76D32700552498 /* MasterSwiftUITests */ = {
			isa = PBXGroup;
			children = (
				451825B81D76D32700552498 /* MasterSwiftUITests.swift */,
				451825BA1D76D32700552498 /* Info.plist */,
			);
			path = MasterSwiftUITests;
			sourceTree = "<group>";
		};
/* End PBXGroup section */

/* Begin PBXNativeTarget section */
		4518258F1D76D32700552498 /* MasterSwift */ = {
			isa = PBXNativeTarget;
			buildConfigurationList = 451825BD1D76D32700552498 /* Build configuration list for PBXNativeTarget "MasterSwift" */;
			buildPhases = (
				4518258C1D76D32700552498 /* Sources */,
				4518258D1D76D32700552498 /* Frameworks */,
				4518258E1D76D32700552498 /* Resources */,
			);
			buildRules = (
			);
			dependencies = (
			);
			name = MasterSwift;
			productName = MasterSwift;
			productReference = 451825901D76D32700552498 /* MasterSwift.app */;
			productType = "com.apple.product-type.application";
		};
		451825A81D76D32700552498 /* MasterSwiftTests */ = {
			isa = PBXNativeTarget;
			buildConfigurationList = 451825C01D76D32700552498 /* Build configuration list for PBXNativeTarget "MasterSwiftTests" */;
			buildPhases = (
				451825A51D76D32700552498 /* Sources */,
				451825A61D76D32700552498 /* Frameworks */,
				451825A71D76D32700552498 /* Resources */,
			);
			buildRules = (
			);
			dependencies = (
				451825AB1D76D32700552498 /* PBXTargetDependency */,
			);
			name = MasterSwiftTests;
			productName = MasterSwiftTests;
			productReference = 451825A91D76D32700552498 /* MasterSwiftTests.xctest */;
			productType = "com.apple.product-type.bundle.unit-test";
		};
		451825B31D76D32700552498 /* MasterSwiftUITests */ = {
			isa = PBXNativeTarget;
			buildConfigurationList = 451825C31D76D32700552498 /* Build configuration list for PBXNativeTarget "MasterSwiftUITests" */;
			buildPhases = (
				451825B01D76D32700552498 /* Sources */,
				451825B11D76D32700552498 /* Frameworks */,
				451825B21D76D32700552498 /* Resources */,
			);
			buildRules = (
			);
			dependencies = (
				451825B61D76D32700552498 /* PBXTargetDependency */,
			);
			name = MasterSwiftUITests;
			productName = MasterSwiftUITests;
			productReference = 451825B41D76D32700552498 /* MasterSwiftUITests.xctest */;
			productType = "com.apple.product-type.bundle.ui-testing";
		};
/* End PBXNativeTarget section */

/* Begin PBXProject section */
		451825881D76D32700552498 /* Project object */ = {
			isa = PBXProject;
			attributes = {
				LastSwiftUpdateCheck = 0730;
				LastUpgradeCheck = 0730;
				ORGANIZATIONNAME = "Kumar Utsav";
				TargetAttributes = {
					4518258F1D76D32700552498 = {
						CreatedOnToolsVersion = 7.3.1;
					};
					451825A81D76D32700552498 = {
						CreatedOnToolsVersion = 7.3.1;
						TestTargetID = 4518258F1D76D32700552498;
					};
					451825B31D76D32700552498 = {
						CreatedOnToolsVersion = 7.3.1;
						TestTargetID = 4518258F1D76D32700552498;
					};
				};
			};
			buildConfigurationList = 4518258B1D76D32700552498 /* Build configuration list for PBXProject "MasterSwift" */;
			compatibilityVersion = "Xcode 3.2";
			developmentRegion = English;
			hasScannedForEncodings = 0;
			knownRegions = (
				en,
				Base,
			);
			mainGroup = 451825871D76D32700552498;
			productRefGroup = 451825911D76D32700552498 /* Products */;
			projectDirPath = "";
			projectRoot = "";
			targets = (
				4518258F1D76D32700552498 /* MasterSwift */,
				451825A81D76D32700552498 /* MasterSwiftTests */,
				451825B31D76D32700552498 /* MasterSwiftUITests */,
			);
		};
/* End PBXProject section */

/* Begin PBXResourcesBuildPhase section */
		4518258E1D76D32700552498 /* Resources */ = {
			isa = PBXResourcesBuildPhase;
			buildActionMask = 2147483647;
			files = (
				451825A31D76D32700552498 /* LaunchScreen.storyboard in Resources */,
				451825A01D76D32700552498 /* Assets.xcassets in Resources */,
				4518259E1D76D32700552498 /* Main.storyboard in Resources */,
			);
			runOnlyForDeploymentPostprocessing = 0;
		};
		451825A71D76D32700552498 /* Resources */ = {
			isa = PBXResourcesBuildPhase;
			buildActionMask = 2147483647;
			files = (
			);
			runOnlyForDeploymentPostprocessing = 0;
		};
		451825B21D76D32700552498 /* Resources */ = {
			isa = PBXResourcesBuildPhase;
			buildActionMask = 2147483647;
			files = (
			);
			runOnlyForDeploymentPostprocessing = 0;
		};
/* End PBXResourcesBuildPhase section */

/* Begin PBXSourcesBuildPhase section */
		4518258C1D76D32700552498 /* Sources */ = {
			isa = PBXSourcesBuildPhase;
			buildActionMask = 2147483647;
			files = (
				451825941D76D32700552498 /* AppDelegate.swift in Sources */,
				451825971D76D32700552498 /* MasterSwift.xcdatamodeld in Sources */,
				451825991D76D32700552498 /* MasterViewController.swift in Sources */,
				4518259B1D76D32700552498 /* DetailViewController.swift in Sources */,
			);
			runOnlyForDeploymentPostprocessing = 0;
		};
		451825A51D76D32700552498 /* Sources */ = {
			isa = PBXSourcesBuildPhase;
			buildActionMask = 2147483647;
			files = (
				451825AE1D76D32700552498 /* MasterSwiftTests.swift in Sources */,
			);
			runOnlyForDeploymentPostprocessing = 0;
		};
		451825B01D76D32700552498 /* Sources */ = {
			isa = PBXSourcesBuildPhase;
			buildActionMask = 2147483647;
			files = (
				451825B91D76D32700552498 /* MasterSwiftUITests.swift in Sources */,
			);
			runOnlyForDeploymentPostprocessing = 0;
		};
/* End PBXSourcesBuildPhase section */

/* Begin PBXTargetDependency section */
		451825AB1D76D32700552498 /* PBXTargetDependency */ = {
			isa = PBXTargetDependency;
			target = 4518258F1D76D32700552498 /* MasterSwift */;
			targetProxy = 451825AA1D76D32700552498 /* PBXContainerItemProxy */;
		};
		451825B61D76D32700552498 /* PBXTargetDependency */ = {
			isa = PBXTargetDependency;
			target = 4518258F1D76D32700552498 /* MasterSwift */;
			targetProxy = 451825B51D76D32700552498 /* PBXContainerItemProxy */;
		};
/* End PBXTargetDependency section */

/* Begin PBXVariantGroup section */
		4518259C1D76D32700552498 /* Main.storyboard */ = {
			isa = PBXVariantGroup;
			children = (
				4518259D1D76D32700552498 /* Base */,
			);
			name = Main.storyboard;
			sourceTree = "<group>";
		};
		451825A11D76D32700552498 /* LaunchScreen.storyboard */ = {
			isa = PBXVariantGroup;
			children = (
				451825A21D76D32700552498 /* Base */,
			);
			name = LaunchScreen.storyboard;
			sourceTree = "<group>";
		};
/* End PBXVariantGroup section */

/* Begin XCBuildConfiguration section */
		451825BB1D76D32700552498 /* Debug */ = {
			isa = XCBuildConfiguration;
			buildSettings = {
				ALWAYS_SEARCH_USER_PATHS = NO;
				CLANG_ANALYZER_NONNULL = YES;
				CLANG_CXX_LANGUAGE_STANDARD = "gnu++0x";
				CLANG_CXX_LIBRARY = "libc++";
				CLANG_ENABLE_MODULES = YES;
				CLANG_ENABLE_OBJC_ARC = YES;
				CLANG_WARN_BOOL_CONVERSION = YES;
				CLANG_WARN_CONSTANT_CONVERSION = YES;
				CLANG_WARN_DIRECT_OBJC_ISA_USAGE = YES_ERROR;
				CLANG_WARN_EMPTY_BODY = YES;
				CLANG_WARN_ENUM_CONVERSION = YES;
				CLANG_WARN_INT_CONVERSION = YES;
				CLANG_WARN_OBJC_ROOT_CLASS = YES_ERROR;
				CLANG_WARN_UNREACHABLE_CODE = YES;
				CLANG_WARN__DUPLICATE_METHOD_MATCH = YES;
				"CODE_SIGN_IDENTITY[sdk=iphoneos*]" = "iPhone Developer";
				COPY_PHASE_STRIP = NO;
				DEBUG_INFORMATION_FORMAT = dwarf;
				ENABLE_STRICT_OBJC_MSGSEND = YES;
				ENABLE_TESTABILITY = YES;
				GCC_C_LANGUAGE_STANDARD = gnu99;
				GCC_DYNAMIC_NO_PIC = NO;
				GCC_NO_COMMON_BLOCKS = YES;
				GCC_OPTIMIZATION_LEVEL = 0;
				GCC_PREPROCESSOR_DEFINITIONS = (
					"DEBUG=1",
					"$(inherited)",
				);
				GCC_WARN_64_TO_32_BIT_CONVERSION = YES;
				GCC_WARN_ABOUT_RETURN_TYPE = YES_ERROR;
				GCC_WARN_UNDECLARED_SELECTOR = YES;
				GCC_WARN_UNINITIALIZED_AUTOS = YES_AGGRESSIVE;
				GCC_WARN_UNUSED_FUNCTION = YES;
				GCC_WARN_UNUSED_VARIABLE = YES;
				IPHONEOS_DEPLOYMENT_TARGET = 9.3;
				MTL_ENABLE_DEBUG_INFO = YES;
				ONLY_ACTIVE_ARCH = YES;
				SDKROOT = iphoneos;
				SWIFT_OPTIMIZATION_LEVEL = "-Onone";
			};
			name = Debug;
		};
		451825BC1D76D32700552498 /* Release */ = {
			isa = XCBuildConfiguration;
			buildSettings = {
				ALWAYS_SEARCH_USER_PATHS = NO;
				CLANG_ANALYZER_NONNULL = YES;
				CLANG_CXX_LANGUAGE_STANDARD = "gnu++0x";
				CLANG_CXX_LIBRARY = "libc++";
				CLANG_ENABLE_MODULES = YES;
				CLANG_ENABLE_OBJC_ARC = YES;
				CLANG_WARN_BOOL_CONVERSION = YES;
				CLANG_WARN_CONSTANT_CONVERSION = YES;
				CLANG_WARN_DIRECT_OBJC_ISA_USAGE = YES_ERROR;
				CLANG_WARN_EMPTY_BODY = YES;
				CLANG_WARN_ENUM_CONVERSION = YES;
				CLANG_WARN_INT_CONVERSION = YES;
				CLANG_WARN_OBJC_ROOT_CLASS = YES_ERROR;
				CLANG_WARN_UNREACHABLE_CODE = YES;
				CLANG_WARN__DUPLICATE_METHOD_MATCH = YES;
				"CODE_SIGN_IDENTITY[sdk=iphoneos*]" = "iPhone Developer";
				COPY_PHASE_STRIP = NO;
				DEBUG_INFORMATION_FORMAT = "dwarf-with-dsym";
				ENABLE_NS_ASSERTIONS = NO;
				ENABLE_STRICT_OBJC_MSGSEND = YES;
				GCC_C_LANGUAGE_STANDARD = gnu99;
				GCC_NO_COMMON_BLOCKS = YES;
				GCC_WARN_64_TO_32_BIT_CONVERSION = YES;
				GCC_WARN_ABOUT_RETURN_TYPE = YES_ERROR;
				GCC_WARN_UNDECLARED_SELECTOR = YES;
				GCC_WARN_UNINITIALIZED_AUTOS = YES_AGGRESSIVE;
				GCC_WARN_UNUSED_FUNCTION = YES;
				GCC_WARN_UNUSED_VARIABLE = YES;
				IPHONEOS_DEPLOYMENT_TARGET = 9.3;
				MTL_ENABLE_DEBUG_INFO = NO;
				SDKROOT = iphoneos;
				VALIDATE_PRODUCT = YES;
			};
			name = Release;
		};
		451825BE1D76D32700552498 /* Debug */ = {
			isa = XCBuildConfiguration;
			buildSettings = {
				ASSETCATALOG_COMPILER_APPICON_NAME = AppIcon;
				INFOPLIST_FILE = MasterSwift/Info.plist;
				LD_RUNPATH_SEARCH_PATHS = "$(inherited) @executable_path/Frameworks";
				PRODUCT_BUNDLE_IDENTIFIER = com.kumar.MasterSwift;
				PRODUCT_NAME = "$(TARGET_NAME)";
			};
			name = Debug;
		};
		451825BF1D76D32700552498 /* Release */ = {
			isa = XCBuildConfiguration;
			buildSettings = {
				ASSETCATALOG_COMPILER_APPICON_NAME = AppIcon;
				INFOPLIST_FILE = MasterSwift/Info.plist;
				LD_RUNPATH_SEARCH_PATHS = "$(inherited) @executable_path/Frameworks";
				PRODUCT_BUNDLE_IDENTIFIER = com.kumar.MasterSwift;
				PRODUCT_NAME = "$(TARGET_NAME)";
			};
			name = Release;
		};
		451825C11D76D32700552498 /* Debug */ = {
			isa = XCBuildConfiguration;
			buildSettings = {
				BUNDLE_LOADER = "$(TEST_HOST)";
				INFOPLIST_FILE = MasterSwiftTests/Info.plist;
				LD_RUNPATH_SEARCH_PATHS = "$(inherited) @executable_path/Frameworks @loader_path/Frameworks";
				PRODUCT_BUNDLE_IDENTIFIER = com.kumar.MasterSwiftTests;
				PRODUCT_NAME = "$(TARGET_NAME)";
				TEST_HOST = "$(BUILT_PRODUCTS_DIR)/MasterSwift.app/MasterSwift";
			};
			name = Debug;
		};
		451825C21D76D32700552498 /* Release */ = {
			isa = XCBuildConfiguration;
			buildSettings = {
				BUNDLE_LOADER = "$(TEST_HOST)";
				INFOPLIST_FILE = MasterSwiftTests/Info.plist;
				LD_RUNPATH_SEARCH_PATHS = "$(inherited) @executable_path/Frameworks @loader_path/Frameworks";
				PRODUCT_BUNDLE_IDENTIFIER = com.kumar.MasterSwiftTests;
				PRODUCT_NAME = "$(TARGET_NAME)";
				TEST_HOST = "$(BUILT_PRODUCTS_DIR)/MasterSwift.app/MasterSwift";
			};
			name = Release;
		};
		451825C41D76D32700552498 /* Debug */ = {
			isa = XCBuildConfiguration;
			buildSettings = {
				INFOPLIST_FILE = MasterSwiftUITests/Info.plist;
				LD_RUNPATH_SEARCH_PATHS = "$(inherited) @executable_path/Frameworks @loader_path/Frameworks";
				PRODUCT_BUNDLE_IDENTIFIER = com.kumar.MasterSwiftUITests;
				PRODUCT_NAME = "$(TARGET_NAME)";
				TEST_TARGET_NAME = MasterSwift;
			};
			name = Debug;
		};
		451825C51D76D32700552498 /* Release */ = {
			isa = XCBuildConfiguration;
			buildSettings = {
				INFOPLIST_FILE = MasterSwiftUITests/Info.plist;
				LD_RUNPATH_SEARCH_PATHS = "$(inherited) @executable_path/Frameworks @loader_path/Frameworks";
				PRODUCT_BUNDLE_IDENTIFIER = com.kumar.MasterSwiftUITests;
				PRODUCT_NAME = "$(TARGET_NAME)";
				TEST_TARGET_NAME = MasterSwift;
			};
			name = Release;
		};
/* End XCBuildConfiguration section */

/* Begin XCConfigurationList section */
		4518258B1D76D32700552498 /* Build configuration list for PBXProject "MasterSwift" */ = {
			isa = XCConfigurationList;
			buildConfigurations = (
				451825BB1D76D32700552498 /* Debug */,
				451825BC1D76D32700552498 /* Release */,
			);
			defaultConfigurationIsVisible = 0;
			defaultConfigurationName = Release;
		};
		451825BD1D76D32700552498 /* Build configuration list for PBXNativeTarget "MasterSwift" */ = {
			isa = XCConfigurationList;
			buildConfigurations = (
				451825BE1D76D32700552498 /* Debug */,
				451825BF1D76D32700552498 /* Release */,
			);
			defaultConfigurationIsVisible = 0;
		};
		451825C01D76D32700552498 /* Build configuration list for PBXNativeTarget "MasterSwiftTests" */ = {
			isa = XCConfigurationList;
			buildConfigurations = (
				451825C11D76D32700552498 /* Debug */,
				451825C21D76D32700552498 /* Release */,
			);
			defaultConfigurationIsVisible = 0;
		};
		451825C31D76D32700552498 /* Build configuration list for PBXNativeTarget "MasterSwiftUITests" */ = {
			isa = XCConfigurationList;
			buildConfigurations = (
				451825C41D76D32700552498 /* Debug */,
				451825C51D76D32700552498 /* Release */,
			);
			defaultConfigurationIsVisible = 0;
		};
/* End XCConfigurationList section */

/* Begin XCVersionGroup section */
		451825951D76D32700552498 /* MasterSwift.xcdatamodeld */ = {
			isa = XCVersionGroup;
			children = (
				451825961D76D32700552498 /* MasterSwift.xcdatamodel */,
			);
			currentVersion = 451825961D76D32700552498 /* MasterSwift.xcdatamodel */;
			path = MasterSwift.xcdatamodeld;
			sourceTree = "<group>";
			versionGroupType = wrapper.xcdatamodel;
		};
/* End XCVersionGroup section */
	};
	rootObject = 451825881D76D32700552498 /* Project object */;
}
